
Microsoft Visual Studio Solution File, Format Version 12.00
# Visual Studio Version 16
VisualStudioVersion = 16.0.29324.140
MinimumVisualStudioVersion = 10.0.40219.1
Project("{FAE04EC0-301F-11D3-BF4B-00C04F79EFBC}") = "Contacts_Homework", "Contacts\Contacts_Homework.csproj", "{46C9E2E6-306C-4F9E-B149-FA3612296181}"
EndProject
Global
	GlobalSection(SolutionConfigurationPlatforms) = preSolution
		Debug|Any CPU = Debug|Any CPU
		Release|Any CPU = Release|Any CPU
	EndGlobalSection
	GlobalSection(ProjectConfigurationPlatforms) = postSolution
		{46C9E2E6-306C-4F9E-B149-FA3612296181}.Debug|Any CPU.ActiveCfg = Debug|Any CPU
		{46C9E2E6-306C-4F9E-B149-FA3612296181}.Debug|Any CPU.Build.0 = Debug|Any CPU
		{46C9E2E6-306C-4F9E-B149-FA3612296181}.Release|Any CPU.ActiveCfg = Release|Any CPU
		{46C9E2E6-306C-4F9E-B149-FA3612296181}.Release|Any CPU.Build.0 = Release|Any CPU
	EndGlobalSection
	GlobalSection(SolutionProperties) = preSolution
		HideSolutionNode = FALSE
	EndGlobalSection
	GlobalSection(ExtensibilityGlobals) = postSolution
		SolutionGuid = {6596F0BA-FE3D-4100-A157-2510EA23D37E}
	EndGlobalSection
EndGlobal
